// !$*UTF8*$!
{
	archiveVersion = 1;
	classes = {
	};
	objectVersion = 48;
	objects = {

/* Begin PBXBuildFile section */
		2B5C76DA1FC14F9D00AC9B85 /* AppDelegate.swift in Sources */ = {isa = PBXBuildFile; fileRef = 2B5C76D91FC14F9D00AC9B85 /* AppDelegate.swift */; };
		2B5C76DC1FC14F9D00AC9B85 /* ViewController.swift in Sources */ = {isa = PBXBuildFile; fileRef = 2B5C76DB1FC14F9D00AC9B85 /* ViewController.swift */; };
		2B5C76DF1FC14F9D00AC9B85 /* Main.storyboard in Resources */ = {isa = PBXBuildFile; fileRef = 2B5C76DD1FC14F9D00AC9B85 /* Main.storyboard */; };
		2B5C76E11FC14F9D00AC9B85 /* Assets.xcassets in Resources */ = {isa = PBXBuildFile; fileRef = 2B5C76E01FC14F9D00AC9B85 /* Assets.xcassets */; };
		2B5C76E41FC14F9D00AC9B85 /* LaunchScreen.storyboard in Resources */ = {isa = PBXBuildFile; fileRef = 2B5C76E21FC14F9D00AC9B85 /* LaunchScreen.storyboard */; };
		2B5C76EF1FC14F9D00AC9B85 /* countTestTests.swift in Sources */ = {isa = PBXBuildFile; fileRef = 2B5C76EE1FC14F9D00AC9B85 /* countTestTests.swift */; };
		2B5C76FA1FC14F9D00AC9B85 /* countTestUITests.swift in Sources */ = {isa = PBXBuildFile; fileRef = 2B5C76F91FC14F9D00AC9B85 /* countTestUITests.swift */; };
/* End PBXBuildFile section */

/* Begin PBXContainerItemProxy section */
		2B5C76EB1FC14F9D00AC9B85 /* PBXContainerItemProxy */ = {
			isa = PBXContainerItemProxy;
			containerPortal = 2B5C76CE1FC14F9D00AC9B85 /* Project object */;
			proxyType = 1;
			remoteGlobalIDString = 2B5C76D51FC14F9D00AC9B85;
			remoteInfo = countTest;
		};
		2B5C76F61FC14F9D00AC9B85 /* PBXContainerItemProxy */ = {
			isa = PBXContainerItemProxy;
			containerPortal = 2B5C76CE1FC14F9D00AC9B85 /* Project object */;
			proxyType = 1;
			remoteGlobalIDString = 2B5C76D51FC14F9D00AC9B85;
			remoteInfo = countTest;
		};
/* End PBXContainerItemProxy section */

/* Begin PBXFileReference section */
		2B5C76D61FC14F9D00AC9B85 /* countTest.app */ = {isa = PBXFileReference; explicitFileType = wrapper.application; includeInIndex = 0; path = countTest.app; sourceTree = BUILT_PRODUCTS_DIR; };
		2B5C76D91FC14F9D00AC9B85 /* AppDelegate.swift */ = {isa = PBXFileReference; lastKnownFileType = sourcecode.swift; path = AppDelegate.swift; sourceTree = "<group>"; };
		2B5C76DB1FC14F9D00AC9B85 /* ViewController.swift */ = {isa = PBXFileReference; lastKnownFileType = sourcecode.swift; path = ViewController.swift; sourceTree = "<group>"; };
		2B5C76DE1FC14F9D00AC9B85 /* Base */ = {isa = PBXFileReference; lastKnownFileType = file.storyboard; name = Base; path = Base.lproj/Main.storyboard; sourceTree = "<group>"; };
		2B5C76E01FC14F9D00AC9B85 /* Assets.xcassets */ = {isa = PBXFileReference; lastKnownFileType = folder.assetcatalog; path = Assets.xcassets; sourceTree = "<group>"; };
		2B5C76E31FC14F9D00AC9B85 /* Base */ = {isa = PBXFileReference; lastKnownFileType = file.storyboard; name = Base; path = Base.lproj/LaunchScreen.storyboard; sourceTree = "<group>"; };
		2B5C76E51FC14F9D00AC9B85 /* Info.plist */ = {isa = PBXFileReference; lastKnownFileType = text.plist.xml; path = Info.plist; sourceTree = "<group>"; };
		2B5C76EA1FC14F9D00AC9B85 /* countTestTests.xctest */ = {isa = PBXFileReference; explicitFileType = wrapper.cfbundle; includeInIndex = 0; path = countTestTests.xctest; sourceTree = BUILT_PRODUCTS_DIR; };
		2B5C76EE1FC14F9D00AC9B85 /* countTestTests.swift */ = {isa = PBXFileReference; lastKnownFileType = sourcecode.swift; path = countTestTests.swift; sourceTree = "<group>"; };
		2B5C76F01FC14F9D00AC9B85 /* Info.plist */ = {isa = PBXFileReference; lastKnownFileType = text.plist.xml; path = Info.plist; sourceTree = "<group>"; };
		2B5C76F51FC14F9D00AC9B85 /* countTestUITests.xctest */ = {isa = PBXFileReference; explicitFileType = wrapper.cfbundle; includeInIndex = 0; path = countTestUITests.xctest; sourceTree = BUILT_PRODUCTS_DIR; };
		2B5C76F91FC14F9D00AC9B85 /* countTestUITests.swift */ = {isa = PBXFileReference; lastKnownFileType = sourcecode.swift; path = countTestUITests.swift; sourceTree = "<group>"; };
		2B5C76FB1FC14F9D00AC9B85 /* Info.plist */ = {isa = PBXFileReference; lastKnownFileType = text.plist.xml; path = Info.plist; sourceTree = "<group>"; };
/* End PBXFileReference section */

/* Begin PBXFrameworksBuildPhase section */
		2B5C76D31FC14F9D00AC9B85 /* Frameworks */ = {
			isa = PBXFrameworksBuildPhase;
			buildActionMask = 2147483647;
			files = (
			);
			runOnlyForDeploymentPostprocessing = 0;
		};
		2B5C76E71FC14F9D00AC9B85 /* Frameworks */ = {
			isa = PBXFrameworksBuildPhase;
			buildActionMask = 2147483647;
			files = (
			);
			runOnlyForDeploymentPostprocessing = 0;
		};
		2B5C76F21FC14F9D00AC9B85 /* Frameworks */ = {
			isa = PBXFrameworksBuildPhase;
			buildActionMask = 2147483647;
			files = (
			);
			runOnlyForDeploymentPostprocessing = 0;
		};
/* End PBXFrameworksBuildPhase section */

/* Begin PBXGroup section */
		2B5C76CD1FC14F9D00AC9B85 = {
			isa = PBXGroup;
			children = (
				2B5C76D81FC14F9D00AC9B85 /* countTest */,
				2B5C76ED1FC14F9D00AC9B85 /* countTestTests */,
				2B5C76F81FC14F9D00AC9B85 /* countTestUITests */,
				2B5C76D71FC14F9D00AC9B85 /* Products */,
			);
			sourceTree = "<group>";
		};
		2B5C76D71FC14F9D00AC9B85 /* Products */ = {
			isa = PBXGroup;
			children = (
				2B5C76D61FC14F9D00AC9B85 /* countTest.app */,
				2B5C76EA1FC14F9D00AC9B85 /* countTestTests.xctest */,
				2B5C76F51FC14F9D00AC9B85 /* countTestUITests.xctest */,
			);
			name = Products;
			sourceTree = "<group>";
		};
		2B5C76D81FC14F9D00AC9B85 /* countTest */ = {
			isa = PBXGroup;
			children = (
				2B5C76D91FC14F9D00AC9B85 /* AppDelegate.swift */,
				2B5C76DB1FC14F9D00AC9B85 /* ViewController.swift */,
				2B5C76DD1FC14F9D00AC9B85 /* Main.storyboard */,
				2B5C76E01FC14F9D00AC9B85 /* Assets.xcassets */,
				2B5C76E21FC14F9D00AC9B85 /* LaunchScreen.storyboard */,
				2B5C76E51FC14F9D00AC9B85 /* Info.plist */,
			);
			path = countTest;
			sourceTree = "<group>";
		};
		2B5C76ED1FC14F9D00AC9B85 /* countTestTests */ = {
			isa = PBXGroup;
			children = (
				2B5C76EE1FC14F9D00AC9B85 /* countTestTests.swift */,
				2B5C76F01FC14F9D00AC9B85 /* Info.plist */,
			);
			path = countTestTests;
			sourceTree = "<group>";
		};
		2B5C76F81FC14F9D00AC9B85 /* countTestUITests */ = {
			isa = PBXGroup;
			children = (
				2B5C76F91FC14F9D00AC9B85 /* countTestUITests.swift */,
				2B5C76FB1FC14F9D00AC9B85 /* Info.plist */,
			);
			path = countTestUITests;
			sourceTree = "<group>";
		};
/* End PBXGroup section */

/* Begin PBXNativeTarget section */
		2B5C76D51FC14F9D00AC9B85 /* countTest */ = {
			isa = PBXNativeTarget;
			buildConfigurationList = 2B5C76FE1FC14F9D00AC9B85 /* Build configuration list for PBXNativeTarget "countTest" */;
			buildPhases = (
				2B5C76D21FC14F9D00AC9B85 /* Sources */,
				2B5C76D31FC14F9D00AC9B85 /* Frameworks */,
				2B5C76D41FC14F9D00AC9B85 /* Resources */,
			);
			buildRules = (
			);
			dependencies = (
			);
			name = countTest;
			productName = countTest;
			productReference = 2B5C76D61FC14F9D00AC9B85 /* countTest.app */;
			productType = "com.apple.product-type.application";
		};
		2B5C76E91FC14F9D00AC9B85 /* countTestTests */ = {
			isa = PBXNativeTarget;
			buildConfigurationList = 2B5C77011FC14F9D00AC9B85 /* Build configuration list for PBXNativeTarget "countTestTests" */;
			buildPhases = (
				2B5C76E61FC14F9D00AC9B85 /* Sources */,
				2B5C76E71FC14F9D00AC9B85 /* Frameworks */,
				2B5C76E81FC14F9D00AC9B85 /* Resources */,
			);
			buildRules = (
			);
			dependencies = (
				2B5C76EC1FC14F9D00AC9B85 /* PBXTargetDependency */,
			);
			name = countTestTests;
			productName = countTestTests;
			productReference = 2B5C76EA1FC14F9D00AC9B85 /* countTestTests.xctest */;
			productType = "com.apple.product-type.bundle.unit-test";
		};
		2B5C76F41FC14F9D00AC9B85 /* countTestUITests */ = {
			isa = PBXNativeTarget;
			buildConfigurationList = 2B5C77041FC14F9D00AC9B85 /* Build configuration list for PBXNativeTarget "countTestUITests" */;
			buildPhases = (
				2B5C76F11FC14F9D00AC9B85 /* Sources */,
				2B5C76F21FC14F9D00AC9B85 /* Frameworks */,
				2B5C76F31FC14F9D00AC9B85 /* Resources */,
			);
			buildRules = (
			);
			dependencies = (
				2B5C76F71FC14F9D00AC9B85 /* PBXTargetDependency */,
			);
			name = countTestUITests;
			productName = countTestUITests;
			productReference = 2B5C76F51FC14F9D00AC9B85 /* countTestUITests.xctest */;
			productType = "com.apple.product-type.bundle.ui-testing";
		};
/* End PBXNativeTarget section */

/* Begin PBXProject section */
		2B5C76CE1FC14F9D00AC9B85 /* Project object */ = {
			isa = PBXProject;
			attributes = {
				LastSwiftUpdateCheck = 0910;
				LastUpgradeCheck = 0910;
				ORGANIZATIONNAME = "Satoshi Komatsu";
				TargetAttributes = {
					2B5C76D51FC14F9D00AC9B85 = {
						CreatedOnToolsVersion = 9.1;
						ProvisioningStyle = Automatic;
					};
					2B5C76E91FC14F9D00AC9B85 = {
						CreatedOnToolsVersion = 9.1;
						ProvisioningStyle = Automatic;
						TestTargetID = 2B5C76D51FC14F9D00AC9B85;
					};
					2B5C76F41FC14F9D00AC9B85 = {
						CreatedOnToolsVersion = 9.1;
						ProvisioningStyle = Automatic;
						TestTargetID = 2B5C76D51FC14F9D00AC9B85;
					};
				};
			};
			buildConfigurationList = 2B5C76D11FC14F9D00AC9B85 /* Build configuration list for PBXProject "countTest" */;
			compatibilityVersion = "Xcode 8.0";
			developmentRegion = en;
			hasScannedForEncodings = 0;
			knownRegions = (
				en,
				Base,
			);
			mainGroup = 2B5C76CD1FC14F9D00AC9B85;
			productRefGroup = 2B5C76D71FC14F9D00AC9B85 /* Products */;
			projectDirPath = "";
			projectRoot = "";
			targets = (
				2B5C76D51FC14F9D00AC9B85 /* countTest */,
				2B5C76E91FC14F9D00AC9B85 /* countTestTests */,
				2B5C76F41FC14F9D00AC9B85 /* countTestUITests */,
			);
		};
/* End PBXProject section */

/* Begin PBXResourcesBuildPhase section */
		2B5C76D41FC14F9D00AC9B85 /* Resources */ = {
			isa = PBXResourcesBuildPhase;
			buildActionMask = 2147483647;
			files = (
				2B5C76E41FC14F9D00AC9B85 /* LaunchScreen.storyboard in Resources */,
				2B5C76E11FC14F9D00AC9B85 /* Assets.xcassets in Resources */,
				2B5C76DF1FC14F9D00AC9B85 /* Main.storyboard in Resources */,
			);
			runOnlyForDeploymentPostprocessing = 0;
		};
		2B5C76E81FC14F9D00AC9B85 /* Resources */ = {
			isa = PBXResourcesBuildPhase;
			buildActionMask = 2147483647;
			files = (
			);
			runOnlyForDeploymentPostprocessing = 0;
		};
		2B5C76F31FC14F9D00AC9B85 /* Resources */ = {
			isa = PBXResourcesBuildPhase;
			buildActionMask = 2147483647;
			files = (
			);
			runOnlyForDeploymentPostprocessing = 0;
		};
/* End PBXResourcesBuildPhase section */

/* Begin PBXSourcesBuildPhase section */
		2B5C76D21FC14F9D00AC9B85 /* Sources */ = {
			isa = PBXSourcesBuildPhase;
			buildActionMask = 2147483647;
			files = (
				2B5C76DC1FC14F9D00AC9B85 /* ViewController.swift in Sources */,
				2B5C76DA1FC14F9D00AC9B85 /* AppDelegate.swift in Sources */,
			);
			runOnlyForDeploymentPostprocessing = 0;
		};
		2B5C76E61FC14F9D00AC9B85 /* Sources */ = {
			isa = PBXSourcesBuildPhase;
			buildActionMask = 2147483647;
			files = (
				2B5C76EF1FC14F9D00AC9B85 /* countTestTests.swift in Sources */,
			);
			runOnlyForDeploymentPostprocessing = 0;
		};
		2B5C76F11FC14F9D00AC9B85 /* Sources */ = {
			isa = PBXSourcesBuildPhase;
			buildActionMask = 2147483647;
			files = (
				2B5C76FA1FC14F9D00AC9B85 /* countTestUITests.swift in Sources */,
			);
			runOnlyForDeploymentPostprocessing = 0;
		};
/* End PBXSourcesBuildPhase section */

/* Begin PBXTargetDependency section */
		2B5C76EC1FC14F9D00AC9B85 /* PBXTargetDependency */ = {
			isa = PBXTargetDependency;
			target = 2B5C76D51FC14F9D00AC9B85 /* countTest */;
			targetProxy = 2B5C76EB1FC14F9D00AC9B85 /* PBXContainerItemProxy */;
		};
		2B5C76F71FC14F9D00AC9B85 /* PBXTargetDependency */ = {
			isa = PBXTargetDependency;
			target = 2B5C76D51FC14F9D00AC9B85 /* countTest */;
			targetProxy = 2B5C76F61FC14F9D00AC9B85 /* PBXContainerItemProxy */;
		};
/* End PBXTargetDependency section */

/* Begin PBXVariantGroup section */
		2B5C76DD1FC14F9D00AC9B85 /* Main.storyboard */ = {
			isa = PBXVariantGroup;
			children = (
				2B5C76DE1FC14F9D00AC9B85 /* Base */,
			);
			name = Main.storyboard;
			sourceTree = "<group>";
		};
		2B5C76E21FC14F9D00AC9B85 /* LaunchScreen.storyboard */ = {
			isa = PBXVariantGroup;
			children = (
				2B5C76E31FC14F9D00AC9B85 /* Base */,
			);
			name = LaunchScreen.storyboard;
			sourceTree = "<group>";
		};
/* End PBXVariantGroup section */

/* Begin XCBuildConfiguration section */
		2B5C76FC1FC14F9D00AC9B85 /* Debug */ = {
			isa = XCBuildConfiguration;
			buildSettings = {
				ALWAYS_SEARCH_USER_PATHS = NO;
				CLANG_ANALYZER_NONNULL = YES;
				CLANG_ANALYZER_NUMBER_OBJECT_CONVERSION = YES_AGGRESSIVE;
				CLANG_CXX_LANGUAGE_STANDARD = "gnu++14";
				CLANG_CXX_LIBRARY = "libc++";
				CLANG_ENABLE_MODULES = YES;
				CLANG_ENABLE_OBJC_ARC = YES;
				CLANG_WARN_BLOCK_CAPTURE_AUTORELEASING = YES;
				CLANG_WARN_BOOL_CONVERSION = YES;
				CLANG_WARN_COMMA = YES;
				CLANG_WARN_CONSTANT_CONVERSION = YES;
				CLANG_WARN_DIRECT_OBJC_ISA_USAGE = YES_ERROR;
				CLANG_WARN_DOCUMENTATION_COMMENTS = YES;
				CLANG_WARN_EMPTY_BODY = YES;
				CLANG_WARN_ENUM_CONVERSION = YES;
				CLANG_WARN_INFINITE_RECURSION = YES;
				CLANG_WARN_INT_CONVERSION = YES;
				CLANG_WARN_NON_LITERAL_NULL_CONVERSION = YES;
				CLANG_WARN_OBJC_LITERAL_CONVERSION = YES;
				CLANG_WARN_OBJC_ROOT_CLASS = YES_ERROR;
				CLANG_WARN_RANGE_LOOP_ANALYSIS = YES;
				CLANG_WARN_STRICT_PROTOTYPES = YES;
				CLANG_WARN_SUSPICIOUS_MOVE = YES;
				CLANG_WARN_UNGUARDED_AVAILABILITY = YES_AGGRESSIVE;
				CLANG_WARN_UNREACHABLE_CODE = YES;
				CLANG_WARN__DUPLICATE_METHOD_MATCH = YES;
				CODE_SIGN_IDENTITY = "iPhone Developer";
				COPY_PHASE_STRIP = NO;
				DEBUG_INFORMATION_FORMAT = dwarf;
				ENABLE_STRICT_OBJC_MSGSEND = YES;
				ENABLE_TESTABILITY = YES;
				GCC_C_LANGUAGE_STANDARD = gnu11;
				GCC_DYNAMIC_NO_PIC = NO;
				GCC_NO_COMMON_BLOCKS = YES;
				GCC_OPTIMIZATION_LEVEL = 0;
				GCC_PREPROCESSOR_DEFINITIONS = (
					"DEBUG=1",
					"$(inherited)",
				);
				GCC_WARN_64_TO_32_BIT_CONVERSION = YES;
				GCC_WARN_ABOUT_RETURN_TYPE = YES_ERROR;
				GCC_WARN_UNDECLARED_SELECTOR = YES;
				GCC_WARN_UNINITIALIZED_AUTOS = YES_AGGRESSIVE;
				GCC_WARN_UNUSED_FUNCTION = YES;
				GCC_WARN_UNUSED_VARIABLE = YES;
				IPHONEOS_DEPLOYMENT_TARGET = 11.1;
				MTL_ENABLE_DEBUG_INFO = YES;
				ONLY_ACTIVE_ARCH = YES;
				SDKROOT = iphoneos;
				SWIFT_ACTIVE_COMPILATION_CONDITIONS = DEBUG;
				SWIFT_OPTIMIZATION_LEVEL = "-Onone";
			};
			name = Debug;
		};
		2B5C76FD1FC14F9D00AC9B85 /* Release */ = {
			isa = XCBuildConfiguration;
			buildSettings = {
				ALWAYS_SEARCH_USER_PATHS = NO;
				CLANG_ANALYZER_NONNULL = YES;
				CLANG_ANALYZER_NUMBER_OBJECT_CONVERSION = YES_AGGRESSIVE;
				CLANG_CXX_LANGUAGE_STANDARD = "gnu++14";
				CLANG_CXX_LIBRARY = "libc++";
				CLANG_ENABLE_MODULES = YES;
				CLANG_ENABLE_OBJC_ARC = YES;
				CLANG_WARN_BLOCK_CAPTURE_AUTORELEASING = YES;
				CLANG_WARN_BOOL_CONVERSION = YES;
				CLANG_WARN_COMMA = YES;
				CLANG_WARN_CONSTANT_CONVERSION = YES;
				CLANG_WARN_DIRECT_OBJC_ISA_USAGE = YES_ERROR;
				CLANG_WARN_DOCUMENTATION_COMMENTS = YES;
				CLANG_WARN_EMPTY_BODY = YES;
				CLANG_WARN_ENUM_CONVERSION = YES;
				CLANG_WARN_INFINITE_RECURSION = YES;
				CLANG_WARN_INT_CONVERSION = YES;
				CLANG_WARN_NON_LITERAL_NULL_CONVERSION = YES;
				CLANG_WARN_OBJC_LITERAL_CONVERSION = YES;
				CLANG_WARN_OBJC_ROOT_CLASS = YES_ERROR;
				CLANG_WARN_RANGE_LOOP_ANALYSIS = YES;
				CLANG_WARN_STRICT_PROTOTYPES = YES;
				CLANG_WARN_SUSPICIOUS_MOVE = YES;
				CLANG_WARN_UNGUARDED_AVAILABILITY = YES_AGGRESSIVE;
				CLANG_WARN_UNREACHABLE_CODE = YES;
				CLANG_WARN__DUPLICATE_METHOD_MATCH = YES;
				CODE_SIGN_IDENTITY = "iPhone Developer";
				COPY_PHASE_STRIP = NO;
				DEBUG_INFORMATION_FORMAT = "dwarf-with-dsym";
				ENABLE_NS_ASSERTIONS = NO;
				ENABLE_STRICT_OBJC_MSGSEND = YES;
				GCC_C_LANGUAGE_STANDARD = gnu11;
				GCC_NO_COMMON_BLOCKS = YES;
				GCC_WARN_64_TO_32_BIT_CONVERSION = YES;
				GCC_WARN_ABOUT_RETURN_TYPE = YES_ERROR;
				GCC_WARN_UNDECLARED_SELECTOR = YES;
				GCC_WARN_UNINITIALIZED_AUTOS = YES_AGGRESSIVE;
				GCC_WARN_UNUSED_FUNCTION = YES;
				GCC_WARN_UNUSED_VARIABLE = YES;
				IPHONEOS_DEPLOYMENT_TARGET = 11.1;
				MTL_ENABLE_DEBUG_INFO = NO;
				SDKROOT = iphoneos;
				SWIFT_OPTIMIZATION_LEVEL = "-Owholemodule";
				VALIDATE_PRODUCT = YES;
			};
			name = Release;
		};
		2B5C76FF1FC14F9D00AC9B85 /* Debug */ = {
			isa = XCBuildConfiguration;
			buildSettings = {
				ASSETCATALOG_COMPILER_APPICON_NAME = AppIcon;
				CODE_SIGN_STYLE = Automatic;
				DEVELOPMENT_TEAM = 4KNH59P48U;
				INFOPLIST_FILE = countTest/Info.plist;
				IPHONEOS_DEPLOYMENT_TARGET = 11.0;
				LD_RUNPATH_SEARCH_PATHS = "$(inherited) @executable_path/Frameworks";
				PRODUCT_BUNDLE_IDENTIFIER = zhogehoge.countTest;
				PRODUCT_NAME = "$(TARGET_NAME)";
				SWIFT_VERSION = 4.0;
				TARGETED_DEVICE_FAMILY = "1,2";
			};
			name = Debug;
		};
		2B5C77001FC14F9D00AC9B85 /* Release */ = {
			isa = XCBuildConfiguration;
			buildSettings = {
				ASSETCATALOG_COMPILER_APPICON_NAME = AppIcon;
				CODE_SIGN_STYLE = Automatic;
				DEVELOPMENT_TEAM = 4KNH59P48U;
				INFOPLIST_FILE = countTest/Info.plist;
				IPHONEOS_DEPLOYMENT_TARGET = 11.0;
				LD_RUNPATH_SEARCH_PATHS = "$(inherited) @executable_path/Frameworks";
				PRODUCT_BUNDLE_IDENTIFIER = zhogehoge.countTest;
				PRODUCT_NAME = "$(TARGET_NAME)";
				SWIFT_VERSION = 4.0;
				TARGETED_DEVICE_FAMILY = "1,2";
			};
			name = Release;
		};
		2B5C77021FC14F9D00AC9B85 /* Debug */ = {
			isa = XCBuildConfiguration;
			buildSettings = {
				ALWAYS_EMBED_SWIFT_STANDARD_LIBRARIES = YES;
				BUNDLE_LOADER = "$(TEST_HOST)";
				CODE_SIGN_STYLE = Automatic;
				INFOPLIST_FILE = countTestTests/Info.plist;
				LD_RUNPATH_SEARCH_PATHS = "$(inherited) @executable_path/Frameworks @loader_path/Frameworks";
				PRODUCT_BUNDLE_IDENTIFIER = zhogehoge.countTestTests;
				PRODUCT_NAME = "$(TARGET_NAME)";
				SWIFT_VERSION = 4.0;
				TARGETED_DEVICE_FAMILY = "1,2";
				TEST_HOST = "$(BUILT_PRODUCTS_DIR)/countTest.app/countTest";
			};
			name = Debug;
		};
		2B5C77031FC14F9D00AC9B85 /* Release */ = {
			isa = XCBuildConfiguration;
			buildSettings = {
				ALWAYS_EMBED_SWIFT_STANDARD_LIBRARIES = YES;
				BUNDLE_LOADER = "$(TEST_HOST)";
				CODE_SIGN_STYLE = Automatic;
				INFOPLIST_FILE = countTestTests/Info.plist;
				LD_RUNPATH_SEARCH_PATHS = "$(inherited) @executable_path/Frameworks @loader_path/Frameworks";
				PRODUCT_BUNDLE_IDENTIFIER = zhogehoge.countTestTests;
				PRODUCT_NAME = "$(TARGET_NAME)";
				SWIFT_VERSION = 4.0;
				TARGETED_DEVICE_FAMILY = "1,2";
				TEST_HOST = "$(BUILT_PRODUCTS_DIR)/countTest.app/countTest";
			};
			name = Release;
		};
		2B5C77051FC14F9D00AC9B85 /* Debug */ = {
			isa = XCBuildConfiguration;
			buildSettings = {
				ALWAYS_EMBED_SWIFT_STANDARD_LIBRARIES = YES;
				CODE_SIGN_STYLE = Automatic;
				INFOPLIST_FILE = countTestUITests/Info.plist;
				LD_RUNPATH_SEARCH_PATHS = "$(inherited) @executable_path/Frameworks @loader_path/Frameworks";
				PRODUCT_BUNDLE_IDENTIFIER = zhogehoge.countTestUITests;
				PRODUCT_NAME = "$(TARGET_NAME)";
				SWIFT_VERSION = 4.0;
				TARGETED_DEVICE_FAMILY = "1,2";
				TEST_TARGET_NAME = countTest;
			};
			name = Debug;
		};
		2B5C77061FC14F9D00AC9B85 /* Release */ = {
			isa = XCBuildConfiguration;
			buildSettings = {
				ALWAYS_EMBED_SWIFT_STANDARD_LIBRARIES = YES;
				CODE_SIGN_STYLE = Automatic;
				INFOPLIST_FILE = countTestUITests/Info.plist;
				LD_RUNPATH_SEARCH_PATHS = "$(inherited) @executable_path/Frameworks @loader_path/Frameworks";
				PRODUCT_BUNDLE_IDENTIFIER = zhogehoge.countTestUITests;
				PRODUCT_NAME = "$(TARGET_NAME)";
				SWIFT_VERSION = 4.0;
				TARGETED_DEVICE_FAMILY = "1,2";
				TEST_TARGET_NAME = countTest;
			};
			name = Release;
		};
/* End XCBuildConfiguration section */

/* Begin XCConfigurationList section */
		2B5C76D11FC14F9D00AC9B85 /* Build configuration list for PBXProject "countTest" */ = {
			isa = XCConfigurationList;
			buildConfigurations = (
				2B5C76FC1FC14F9D00AC9B85 /* Debug */,
				2B5C76FD1FC14F9D00AC9B85 /* Release */,
			);
			defaultConfigurationIsVisible = 0;
			defaultConfigurationName = Release;
		};
		2B5C76FE1FC14F9D00AC9B85 /* Build configuration list for PBXNativeTarget "countTest" */ = {
			isa = XCConfigurationList;
			buildConfigurations = (
				2B5C76FF1FC14F9D00AC9B85 /* Debug */,
				2B5C77001FC14F9D00AC9B85 /* Release */,
			);
			defaultConfigurationIsVisible = 0;
			defaultConfigurationName = Release;
		};
		2B5C77011FC14F9D00AC9B85 /* Build configuration list for PBXNativeTarget "countTestTests" */ = {
			isa = XCConfigurationList;
			buildConfigurations = (
				2B5C77021FC14F9D00AC9B85 /* Debug */,
				2B5C77031FC14F9D00AC9B85 /* Release */,
			);
			defaultConfigurationIsVisible = 0;
			defaultConfigurationName = Release;
		};
		2B5C77041FC14F9D00AC9B85 /* Build configuration list for PBXNativeTarget "countTestUITests" */ = {
			isa = XCConfigurationList;
			buildConfigurations = (
				2B5C77051FC14F9D00AC9B85 /* Debug */,
				2B5C77061FC14F9D00AC9B85 /* Release */,
			);
			defaultConfigurationIsVisible = 0;
			defaultConfigurationName = Release;
		};
/* End XCConfigurationList section */
	};
	rootObject = 2B5C76CE1FC14F9D00AC9B85 /* Project object */;
}
